// !$*UTF8*$!
{
	archiveVersion = 1;
	classes = {
	};
	objectVersion = 50;
	objects = {

/* Begin PBXBuildFile section */
		E7E0E0C620E00ADB00E24F68 /* SKeychain.framework in Frameworks */ = {isa = PBXBuildFile; fileRef = E7E0E0BC20E00ADA00E24F68 /* SKeychain.framework */; };
		E7E0E0CB20E00ADB00E24F68 /* SKeychainTests.swift in Sources */ = {isa = PBXBuildFile; fileRef = E7E0E0CA20E00ADB00E24F68 /* SKeychainTests.swift */; };
		E7E0E0CD20E00ADB00E24F68 /* SKeychain.h in Headers */ = {isa = PBXBuildFile; fileRef = E7E0E0BF20E00ADB00E24F68 /* SKeychain.h */; settings = {ATTRIBUTES = (Public, ); }; };
		E7E0E0D720E00B2500E24F68 /* SKeychain.swift in Sources */ = {isa = PBXBuildFile; fileRef = E7E0E0D620E00B2500E24F68 /* SKeychain.swift */; };
		E7E0E0D920E00C7000E24F68 /* SKeychain+Extension.swift in Sources */ = {isa = PBXBuildFile; fileRef = E7E0E0D820E00C7000E24F68 /* SKeychain+Extension.swift */; };
/* End PBXBuildFile section */

/* Begin PBXContainerItemProxy section */
		E7E0E0C720E00ADB00E24F68 /* PBXContainerItemProxy */ = {
			isa = PBXContainerItemProxy;
			containerPortal = E7E0E0B320E00ADA00E24F68 /* Project object */;
			proxyType = 1;
			remoteGlobalIDString = E7E0E0BB20E00ADA00E24F68;
			remoteInfo = SKeychain;
		};
/* End PBXContainerItemProxy section */

/* Begin PBXFileReference section */
		E7E0E0BC20E00ADA00E24F68 /* SKeychain.framework */ = {isa = PBXFileReference; explicitFileType = wrapper.framework; includeInIndex = 0; path = SKeychain.framework; sourceTree = BUILT_PRODUCTS_DIR; };
		E7E0E0BF20E00ADB00E24F68 /* SKeychain.h */ = {isa = PBXFileReference; lastKnownFileType = sourcecode.c.h; path = SKeychain.h; sourceTree = "<group>"; };
		E7E0E0C020E00ADB00E24F68 /* Info.plist */ = {isa = PBXFileReference; lastKnownFileType = text.plist.xml; path = Info.plist; sourceTree = "<group>"; };
		E7E0E0C520E00ADB00E24F68 /* SKeychainTests.xctest */ = {isa = PBXFileReference; explicitFileType = wrapper.cfbundle; includeInIndex = 0; path = SKeychainTests.xctest; sourceTree = BUILT_PRODUCTS_DIR; };
		E7E0E0CA20E00ADB00E24F68 /* SKeychainTests.swift */ = {isa = PBXFileReference; lastKnownFileType = sourcecode.swift; path = SKeychainTests.swift; sourceTree = "<group>"; };
		E7E0E0CC20E00ADB00E24F68 /* Info.plist */ = {isa = PBXFileReference; lastKnownFileType = text.plist.xml; path = Info.plist; sourceTree = "<group>"; };
		E7E0E0D620E00B2500E24F68 /* SKeychain.swift */ = {isa = PBXFileReference; lastKnownFileType = sourcecode.swift; path = SKeychain.swift; sourceTree = "<group>"; };
		E7E0E0D820E00C7000E24F68 /* SKeychain+Extension.swift */ = {isa = PBXFileReference; lastKnownFileType = sourcecode.swift; path = "SKeychain+Extension.swift"; sourceTree = "<group>"; };
/* End PBXFileReference section */

/* Begin PBXFrameworksBuildPhase section */
		E7E0E0B820E00ADA00E24F68 /* Frameworks */ = {
			isa = PBXFrameworksBuildPhase;
			buildActionMask = 2147483647;
			files = (
			);
			runOnlyForDeploymentPostprocessing = 0;
		};
		E7E0E0C220E00ADB00E24F68 /* Frameworks */ = {
			isa = PBXFrameworksBuildPhase;
			buildActionMask = 2147483647;
			files = (
				E7E0E0C620E00ADB00E24F68 /* SKeychain.framework in Frameworks */,
			);
			runOnlyForDeploymentPostprocessing = 0;
		};
/* End PBXFrameworksBuildPhase section */

/* Begin PBXGroup section */
		E7E0E0B220E00ADA00E24F68 = {
			isa = PBXGroup;
			children = (
				E7E0E0BE20E00ADA00E24F68 /* SKeychain */,
				E7E0E0C920E00ADB00E24F68 /* SKeychainTests */,
				E7E0E0BD20E00ADA00E24F68 /* Products */,
			);
			sourceTree = "<group>";
		};
		E7E0E0BD20E00ADA00E24F68 /* Products */ = {
			isa = PBXGroup;
			children = (
				E7E0E0BC20E00ADA00E24F68 /* SKeychain.framework */,
				E7E0E0C520E00ADB00E24F68 /* SKeychainTests.xctest */,
			);
			name = Products;
			sourceTree = "<group>";
		};
		E7E0E0BE20E00ADA00E24F68 /* SKeychain */ = {
			isa = PBXGroup;
			children = (
				E7E0E0BF20E00ADB00E24F68 /* SKeychain.h */,
				E7E0E0C020E00ADB00E24F68 /* Info.plist */,
				E7E0E0D620E00B2500E24F68 /* SKeychain.swift */,
				E7E0E0D820E00C7000E24F68 /* SKeychain+Extension.swift */,
			);
			path = SKeychain;
			sourceTree = "<group>";
		};
		E7E0E0C920E00ADB00E24F68 /* SKeychainTests */ = {
			isa = PBXGroup;
			children = (
				E7E0E0CA20E00ADB00E24F68 /* SKeychainTests.swift */,
				E7E0E0CC20E00ADB00E24F68 /* Info.plist */,
			);
			path = SKeychainTests;
			sourceTree = "<group>";
		};
/* End PBXGroup section */

/* Begin PBXHeadersBuildPhase section */
		E7E0E0B920E00ADA00E24F68 /* Headers */ = {
			isa = PBXHeadersBuildPhase;
			buildActionMask = 2147483647;
			files = (
				E7E0E0CD20E00ADB00E24F68 /* SKeychain.h in Headers */,
			);
			runOnlyForDeploymentPostprocessing = 0;
		};
/* End PBXHeadersBuildPhase section */

/* Begin PBXNativeTarget section */
		E7E0E0BB20E00ADA00E24F68 /* SKeychain */ = {
			isa = PBXNativeTarget;
			buildConfigurationList = E7E0E0D020E00ADB00E24F68 /* Build configuration list for PBXNativeTarget "SKeychain" */;
			buildPhases = (
				E7E0E0B720E00ADA00E24F68 /* Sources */,
				E7E0E0B820E00ADA00E24F68 /* Frameworks */,
				E7E0E0B920E00ADA00E24F68 /* Headers */,
				E7E0E0BA20E00ADA00E24F68 /* Resources */,
			);
			buildRules = (
			);
			dependencies = (
			);
			name = SKeychain;
			productName = SKeychain;
			productReference = E7E0E0BC20E00ADA00E24F68 /* SKeychain.framework */;
			productType = "com.apple.product-type.framework";
		};
		E7E0E0C420E00ADB00E24F68 /* SKeychainTests */ = {
			isa = PBXNativeTarget;
			buildConfigurationList = E7E0E0D320E00ADB00E24F68 /* Build configuration list for PBXNativeTarget "SKeychainTests" */;
			buildPhases = (
				E7E0E0C120E00ADB00E24F68 /* Sources */,
				E7E0E0C220E00ADB00E24F68 /* Frameworks */,
				E7E0E0C320E00ADB00E24F68 /* Resources */,
			);
			buildRules = (
			);
			dependencies = (
				E7E0E0C820E00ADB00E24F68 /* PBXTargetDependency */,
			);
			name = SKeychainTests;
			productName = SKeychainTests;
			productReference = E7E0E0C520E00ADB00E24F68 /* SKeychainTests.xctest */;
			productType = "com.apple.product-type.bundle.unit-test";
		};
/* End PBXNativeTarget section */

/* Begin PBXProject section */
		E7E0E0B320E00ADA00E24F68 /* Project object */ = {
			isa = PBXProject;
			attributes = {
				LastSwiftUpdateCheck = 0940;
				LastUpgradeCheck = 0940;
				ORGANIZATIONNAME = "Vladimir Espinola";
				TargetAttributes = {
					E7E0E0BB20E00ADA00E24F68 = {
						CreatedOnToolsVersion = 9.4.1;
						LastSwiftMigration = 1020;
					};
					E7E0E0C420E00ADB00E24F68 = {
						CreatedOnToolsVersion = 9.4.1;
						LastSwiftMigration = 1020;
					};
				};
			};
			buildConfigurationList = E7E0E0B620E00ADA00E24F68 /* Build configuration list for PBXProject "SKeychain" */;
			compatibilityVersion = "Xcode 9.3";
			developmentRegion = en;
			hasScannedForEncodings = 0;
			knownRegions = (
				en,
				Base,
			);
			mainGroup = E7E0E0B220E00ADA00E24F68;
			productRefGroup = E7E0E0BD20E00ADA00E24F68 /* Products */;
			projectDirPath = "";
			projectRoot = "";
			targets = (
				E7E0E0BB20E00ADA00E24F68 /* SKeychain */,
				E7E0E0C420E00ADB00E24F68 /* SKeychainTests */,
			);
		};
/* End PBXProject section */

/* Begin PBXResourcesBuildPhase section */
		E7E0E0BA20E00ADA00E24F68 /* Resources */ = {
			isa = PBXResourcesBuildPhase;
			buildActionMask = 2147483647;
			files = (
			);
			runOnlyForDeploymentPostprocessing = 0;
		};
		E7E0E0C320E00ADB00E24F68 /* Resources */ = {
			isa = PBXResourcesBuildPhase;
			buildActionMask = 2147483647;
			files = (
			);
			runOnlyForDeploymentPostprocessing = 0;
		};
/* End PBXResourcesBuildPhase section */

/* Begin PBXSourcesBuildPhase section */
		E7E0E0B720E00ADA00E24F68 /* Sources */ = {
			isa = PBXSourcesBuildPhase;
			buildActionMask = 2147483647;
			files = (
				E7E0E0D720E00B2500E24F68 /* SKeychain.swift in Sources */,
				E7E0E0D920E00C7000E24F68 /* SKeychain+Extension.swift in Sources */,
			);
			runOnlyForDeploymentPostprocessing = 0;
		};
		E7E0E0C120E00ADB00E24F68 /* Sources */ = {
			isa = PBXSourcesBuildPhase;
			buildActionMask = 2147483647;
			files = (
				E7E0E0CB20E00ADB00E24F68 /* SKeychainTests.swift in Sources */,
			);
			runOnlyForDeploymentPostprocessing = 0;
		};
/* End PBXSourcesBuildPhase section */

/* Begin PBXTargetDependency section */
		E7E0E0C820E00ADB00E24F68 /* PBXTargetDependency */ = {
			isa = PBXTargetDependency;
			target = E7E0E0BB20E00ADA00E24F68 /* SKeychain */;
			targetProxy = E7E0E0C720E00ADB00E24F68 /* PBXContainerItemProxy */;
		};
/* End PBXTargetDependency section */

/* Begin XCBuildConfiguration section */
		E7E0E0CE20E00ADB00E24F68 /* Debug */ = {
			isa = XCBuildConfiguration;
			buildSettings = {
				ALWAYS_SEARCH_USER_PATHS = NO;
				CLANG_ANALYZER_NONNULL = YES;
				CLANG_ANALYZER_NUMBER_OBJECT_CONVERSION = YES_AGGRESSIVE;
				CLANG_CXX_LANGUAGE_STANDARD = "gnu++14";
				CLANG_CXX_LIBRARY = "libc++";
				CLANG_ENABLE_MODULES = YES;
				CLANG_ENABLE_OBJC_ARC = YES;
				CLANG_ENABLE_OBJC_WEAK = YES;
				CLANG_WARN_BLOCK_CAPTURE_AUTORELEASING = YES;
				CLANG_WARN_BOOL_CONVERSION = YES;
				CLANG_WARN_COMMA = YES;
				CLANG_WARN_CONSTANT_CONVERSION = YES;
				CLANG_WARN_DEPRECATED_OBJC_IMPLEMENTATIONS = YES;
				CLANG_WARN_DIRECT_OBJC_ISA_USAGE = YES_ERROR;
				CLANG_WARN_DOCUMENTATION_COMMENTS = YES;
				CLANG_WARN_EMPTY_BODY = YES;
				CLANG_WARN_ENUM_CONVERSION = YES;
				CLANG_WARN_INFINITE_RECURSION = YES;
				CLANG_WARN_INT_CONVERSION = YES;
				CLANG_WARN_NON_LITERAL_NULL_CONVERSION = YES;
				CLANG_WARN_OBJC_IMPLICIT_RETAIN_SELF = YES;
				CLANG_WARN_OBJC_LITERAL_CONVERSION = YES;
				CLANG_WARN_OBJC_ROOT_CLASS = YES_ERROR;
				CLANG_WARN_RANGE_LOOP_ANALYSIS = YES;
				CLANG_WARN_STRICT_PROTOTYPES = YES;
				CLANG_WARN_SUSPICIOUS_MOVE = YES;
				CLANG_WARN_UNGUARDED_AVAILABILITY = YES_AGGRESSIVE;
				CLANG_WARN_UNREACHABLE_CODE = YES;
				CLANG_WARN__DUPLICATE_METHOD_MATCH = YES;
				CODE_SIGN_IDENTITY = "iPhone Developer";
				COPY_PHASE_STRIP = NO;
				CURRENT_PROJECT_VERSION = 1;
				DEBUG_INFORMATION_FORMAT = dwarf;
				ENABLE_STRICT_OBJC_MSGSEND = YES;
				ENABLE_TESTABILITY = YES;
				GCC_C_LANGUAGE_STANDARD = gnu11;
				GCC_DYNAMIC_NO_PIC = NO;
				GCC_NO_COMMON_BLOCKS = YES;
				GCC_OPTIMIZATION_LEVEL = 0;
				GCC_PREPROCESSOR_DEFINITIONS = (
					"DEBUG=1",
					"$(inherited)",
				);
				GCC_WARN_64_TO_32_BIT_CONVERSION = YES;
				GCC_WARN_ABOUT_RETURN_TYPE = YES_ERROR;
				GCC_WARN_UNDECLARED_SELECTOR = YES;
				GCC_WARN_UNINITIALIZED_AUTOS = YES_AGGRESSIVE;
				GCC_WARN_UNUSED_FUNCTION = YES;
				GCC_WARN_UNUSED_VARIABLE = YES;
				IPHONEOS_DEPLOYMENT_TARGET = 11.4;
				MTL_ENABLE_DEBUG_INFO = YES;
				ONLY_ACTIVE_ARCH = YES;
				SDKROOT = iphoneos;
				SWIFT_ACTIVE_COMPILATION_CONDITIONS = DEBUG;
				SWIFT_OPTIMIZATION_LEVEL = "-Onone";
				VERSIONING_SYSTEM = "apple-generic";
				VERSION_INFO_PREFIX = "";
			};
			name = Debug;
		};
		E7E0E0CF20E00ADB00E24F68 /* Release */ = {
			isa = XCBuildConfiguration;
			buildSettings = {
				ALWAYS_SEARCH_USER_PATHS = NO;
				CLANG_ANALYZER_NONNULL = YES;
				CLANG_ANALYZER_NUMBER_OBJECT_CONVERSION = YES_AGGRESSIVE;
				CLANG_CXX_LANGUAGE_STANDARD = "gnu++14";
				CLANG_CXX_LIBRARY = "libc++";
				CLANG_ENABLE_MODULES = YES;
				CLANG_ENABLE_OBJC_ARC = YES;
				CLANG_ENABLE_OBJC_WEAK = YES;
				CLANG_WARN_BLOCK_CAPTURE_AUTORELEASING = YES;
				CLANG_WARN_BOOL_CONVERSION = YES;
				CLANG_WARN_COMMA = YES;
				CLANG_WARN_CONSTANT_CONVERSION = YES;
				CLANG_WARN_DEPRECATED_OBJC_IMPLEMENTATIONS = YES;
				CLANG_WARN_DIRECT_OBJC_ISA_USAGE = YES_ERROR;
				CLANG_WARN_DOCUMENTATION_COMMENTS = YES;
				CLANG_WARN_EMPTY_BODY = YES;
				CLANG_WARN_ENUM_CONVERSION = YES;
				CLANG_WARN_INFINITE_RECURSION = YES;
				CLANG_WARN_INT_CONVERSION = YES;
				CLANG_WARN_NON_LITERAL_NULL_CONVERSION = YES;
				CLANG_WARN_OBJC_IMPLICIT_RETAIN_SELF = YES;
				CLANG_WARN_OBJC_LITERAL_CONVERSION = YES;
				CLANG_WARN_OBJC_ROOT_CLASS = YES_ERROR;
				CLANG_WARN_RANGE_LOOP_ANALYSIS = YES;
				CLANG_WARN_STRICT_PROTOTYPES = YES;
				CLANG_WARN_SUSPICIOUS_MOVE = YES;
				CLANG_WARN_UNGUARDED_AVAILABILITY = YES_AGGRESSIVE;
				CLANG_WARN_UNREACHABLE_CODE = YES;
				CLANG_WARN__DUPLICATE_METHOD_MATCH = YES;
				CODE_SIGN_IDENTITY = "iPhone Developer";
				COPY_PHASE_STRIP = NO;
				CURRENT_PROJECT_VERSION = 1;
				DEBUG_INFORMATION_FORMAT = "dwarf-with-dsym";
				ENABLE_NS_ASSERTIONS = NO;
				ENABLE_STRICT_OBJC_MSGSEND = YES;
				GCC_C_LANGUAGE_STANDARD = gnu11;
				GCC_NO_COMMON_BLOCKS = YES;
				GCC_WARN_64_TO_32_BIT_CONVERSION = YES;
				GCC_WARN_ABOUT_RETURN_TYPE = YES_ERROR;
				GCC_WARN_UNDECLARED_SELECTOR = YES;
				GCC_WARN_UNINITIALIZED_AUTOS = YES_AGGRESSIVE;
				GCC_WARN_UNUSED_FUNCTION = YES;
				GCC_WARN_UNUSED_VARIABLE = YES;
				IPHONEOS_DEPLOYMENT_TARGET = 11.4;
				MTL_ENABLE_DEBUG_INFO = NO;
				SDKROOT = iphoneos;
				SWIFT_COMPILATION_MODE = wholemodule;
				SWIFT_OPTIMIZATION_LEVEL = "-O";
				VALIDATE_PRODUCT = YES;
				VERSIONING_SYSTEM = "apple-generic";
				VERSION_INFO_PREFIX = "";
			};
			name = Release;
		};
		E7E0E0D120E00ADB00E24F68 /* Debug */ = {
			isa = XCBuildConfiguration;
			buildSettings = {
				CLANG_ENABLE_MODULES = YES;
				CODE_SIGN_IDENTITY = "";
				CODE_SIGN_STYLE = Automatic;
				DEFINES_MODULE = YES;
				DEVELOPMENT_TEAM = LXE5SAW38H;
				DYLIB_COMPATIBILITY_VERSION = 1;
				DYLIB_CURRENT_VERSION = 1;
				DYLIB_INSTALL_NAME_BASE = "@rpath";
				INFOPLIST_FILE = SKeychain/Info.plist;
				INSTALL_PATH = "$(LOCAL_LIBRARY_DIR)/Frameworks";
				IPHONEOS_DEPLOYMENT_TARGET = 9.0;
				LD_RUNPATH_SEARCH_PATHS = (
					"$(inherited)",
					"@executable_path/Frameworks",
					"@loader_path/Frameworks",
				);
				PRODUCT_BUNDLE_IDENTIFIER = openwindow.SKeychain;
				PRODUCT_NAME = "$(TARGET_NAME:c99extidentifier)";
				SKIP_INSTALL = YES;
				SWIFT_OPTIMIZATION_LEVEL = "-Onone";
				SWIFT_VERSION = 5.0;
				TARGETED_DEVICE_FAMILY = "1,2";
			};
			name = Debug;
		};
		E7E0E0D220E00ADB00E24F68 /* Release */ = {
			isa = XCBuildConfiguration;
			buildSettings = {
				CLANG_ENABLE_MODULES = YES;
				CODE_SIGN_IDENTITY = "";
				CODE_SIGN_STYLE = Automatic;
				DEFINES_MODULE = YES;
				DEVELOPMENT_TEAM = LXE5SAW38H;
				DYLIB_COMPATIBILITY_VERSION = 1;
				DYLIB_CURRENT_VERSION = 1;
				DYLIB_INSTALL_NAME_BASE = "@rpath";
				INFOPLIST_FILE = SKeychain/Info.plist;
				INSTALL_PATH = "$(LOCAL_LIBRARY_DIR)/Frameworks";
				IPHONEOS_DEPLOYMENT_TARGET = 9.0;
				LD_RUNPATH_SEARCH_PATHS = (
					"$(inherited)",
					"@executable_path/Frameworks",
					"@loader_path/Frameworks",
				);
				PRODUCT_BUNDLE_IDENTIFIER = openwindow.SKeychain;
				PRODUCT_NAME = "$(TARGET_NAME:c99extidentifier)";
				SKIP_INSTALL = YES;
				SWIFT_VERSION = 5.0;
				TARGETED_DEVICE_FAMILY = "1,2";
			};
			name = Release;
		};
		E7E0E0D420E00ADB00E24F68 /* Debug */ = {
			isa = XCBuildConfiguration;
			buildSettings = {
				ALWAYS_EMBED_SWIFT_STANDARD_LIBRARIES = YES;
				CODE_SIGN_STYLE = Automatic;
				DEVELOPMENT_TEAM = LXE5SAW38H;
				INFOPLIST_FILE = SKeychainTests/Info.plist;
				LD_RUNPATH_SEARCH_PATHS = (
					"$(inherited)",
					"@executable_path/Frameworks",
					"@loader_path/Frameworks",
				);
				PRODUCT_BUNDLE_IDENTIFIER = openwindow.SKeychainTests;
				PRODUCT_NAME = "$(TARGET_NAME)";
				SWIFT_VERSION = 5.0;
				TARGETED_DEVICE_FAMILY = "1,2";
			};
			name = Debug;
		};
		E7E0E0D520E00ADB00E24F68 /* Release */ = {
			isa = XCBuildConfiguration;
			buildSettings = {
				ALWAYS_EMBED_SWIFT_STANDARD_LIBRARIES = YES;
				CODE_SIGN_STYLE = Automatic;
				DEVELOPMENT_TEAM = LXE5SAW38H;
				INFOPLIST_FILE = SKeychainTests/Info.plist;
				LD_RUNPATH_SEARCH_PATHS = (
					"$(inherited)",
					"@executable_path/Frameworks",
					"@loader_path/Frameworks",
				);
				PRODUCT_BUNDLE_IDENTIFIER = openwindow.SKeychainTests;
				PRODUCT_NAME = "$(TARGET_NAME)";
				SWIFT_VERSION = 5.0;
				TARGETED_DEVICE_FAMILY = "1,2";
			};
			name = Release;
		};
/* End XCBuildConfiguration section */

/* Begin XCConfigurationList section */
		E7E0E0B620E00ADA00E24F68 /* Build configuration list for PBXProject "SKeychain" */ = {
			isa = XCConfigurationList;
			buildConfigurations = (
				E7E0E0CE20E00ADB00E24F68 /* Debug */,
				E7E0E0CF20E00ADB00E24F68 /* Release */,
			);
			defaultConfigurationIsVisible = 0;
			defaultConfigurationName = Release;
		};
		E7E0E0D020E00ADB00E24F68 /* Build configuration list for PBXNativeTarget "SKeychain" */ = {
			isa = XCConfigurationList;
			buildConfigurations = (
				E7E0E0D120E00ADB00E24F68 /* Debug */,
				E7E0E0D220E00ADB00E24F68 /* Release */,
			);
			defaultConfigurationIsVisible = 0;
			defaultConfigurationName = Release;
		};
		E7E0E0D320E00ADB00E24F68 /* Build configuration list for PBXNativeTarget "SKeychainTests" */ = {
			isa = XCConfigurationList;
			buildConfigurations = (
				E7E0E0D420E00ADB00E24F68 /* Debug */,
				E7E0E0D520E00ADB00E24F68 /* Release */,
			);
			defaultConfigurationIsVisible = 0;
			defaultConfigurationName = Release;
		};
/* End XCConfigurationList section */
	};
	rootObject = E7E0E0B320E00ADA00E24F68 /* Project object */;
}
